
Microsoft Visual Studio Solution File, Format Version 12.00
Project("{2150E333-8FDC-42A3-9474-1A3956D46DE8}") = "src", "src", "{5F7C1C94-D59B-4C8C-A64F-D30106A9FC4C}"
EndProject
Project("{2150E333-8FDC-42A3-9474-1A3956D46DE8}") = "test", "test", "{7EF49D33-30E5-4919-BF7E-667AC5C9CA57}"
EndProject
Project("{2150E333-8FDC-42A3-9474-1A3956D46DE8}") = "API", "API", "{D9BEB354-CEF2-4735-ADB6-EA7DE82A6073}"
EndProject
Project("{2150E333-8FDC-42A3-9474-1A3956D46DE8}") = "Core", "Core", "{C9A09196-EA69-420F-860F-07E53CB8A384}"
EndProject
Project("{2150E333-8FDC-42A3-9474-1A3956D46DE8}") = "Infrastructure", "Infrastructure", "{7B5336EA-C6D8-45A2-AF35-B47BCBAB9B7C}"
EndProject
Project("{2150E333-8FDC-42A3-9474-1A3956D46DE8}") = "UI", "UI", "{44B5B4C7-FC2A-4687-8597-4FE8CCB5C28A}"
EndProject
Project("{FAE04EC0-301F-11D3-BF4B-00C04F79EFBC}") = "LeaveManagement.Domain", "LeaveManagement.Domain\LeaveManagement.Domain.csproj", "{90F6A898-E2FC-42A0-8F04-5F5DB108641F}"
EndProject
Project("{FAE04EC0-301F-11D3-BF4B-00C04F79EFBC}") = "LeaveManagement.Application", "LeaveManagement.Application\LeaveManagement.Application.csproj", "{CA1D5203-4A10-49BF-BA6D-335AA4FDE2BB}"
EndProject
Global
	GlobalSection(SolutionConfigurationPlatforms) = preSolution
		Debug|Any CPU = Debug|Any CPU
		Release|Any CPU = Release|Any CPU
	EndGlobalSection
	GlobalSection(ProjectConfigurationPlatforms) = postSolution
		{90F6A898-E2FC-42A0-8F04-5F5DB108641F}.Debug|Any CPU.ActiveCfg = Debug|Any CPU
		{90F6A898-E2FC-42A0-8F04-5F5DB108641F}.Debug|Any CPU.Build.0 = Debug|Any CPU
		{90F6A898-E2FC-42A0-8F04-5F5DB108641F}.Release|Any CPU.ActiveCfg = Release|Any CPU
		{90F6A898-E2FC-42A0-8F04-5F5DB108641F}.Release|Any CPU.Build.0 = Release|Any CPU
		{CA1D5203-4A10-49BF-BA6D-335AA4FDE2BB}.Debug|Any CPU.ActiveCfg = Debug|Any CPU
		{CA1D5203-4A10-49BF-BA6D-335AA4FDE2BB}.Debug|Any CPU.Build.0 = Debug|Any CPU
		{CA1D5203-4A10-49BF-BA6D-335AA4FDE2BB}.Release|Any CPU.ActiveCfg = Release|Any CPU
		{CA1D5203-4A10-49BF-BA6D-335AA4FDE2BB}.Release|Any CPU.Build.0 = Release|Any CPU
	EndGlobalSection
	GlobalSection(NestedProjects) = preSolution
		{D9BEB354-CEF2-4735-ADB6-EA7DE82A6073} = {5F7C1C94-D59B-4C8C-A64F-D30106A9FC4C}
		{C9A09196-EA69-420F-860F-07E53CB8A384} = {5F7C1C94-D59B-4C8C-A64F-D30106A9FC4C}
		{7B5336EA-C6D8-45A2-AF35-B47BCBAB9B7C} = {5F7C1C94-D59B-4C8C-A64F-D30106A9FC4C}
		{44B5B4C7-FC2A-4687-8597-4FE8CCB5C28A} = {5F7C1C94-D59B-4C8C-A64F-D30106A9FC4C}
		{90F6A898-E2FC-42A0-8F04-5F5DB108641F} = {C9A09196-EA69-420F-860F-07E53CB8A384}
		{CA1D5203-4A10-49BF-BA6D-335AA4FDE2BB} = {C9A09196-EA69-420F-860F-07E53CB8A384}
	EndGlobalSection
EndGlobal
